
Microsoft Visual Studio Solution File, Format Version 12.00
# Visual Studio Version 17
VisualStudioVersion = 17.6.33815.320
MinimumVisualStudioVersion = 10.0.40219.1
Project("{FAE04EC0-301F-11D3-BF4B-00C04F79EFBC}") = "Middleware", "Middleware\Middleware.csproj", "{2DF5CA7E-FDC3-44E2-90AE-F82578C3586E}"
EndProject
Global
	GlobalSection(SolutionConfigurationPlatforms) = preSolution
		Debug|Any CPU = Debug|Any CPU
		Release|Any CPU = Release|Any CPU
	EndGlobalSection
	GlobalSection(ProjectConfigurationPlatforms) = postSolution
		{2DF5CA7E-FDC3-44E2-90AE-F82578C3586E}.Debug|Any CPU.ActiveCfg = Debug|Any CPU
		{2DF5CA7E-FDC3-44E2-90AE-F82578C3586E}.Debug|Any CPU.Build.0 = Debug|Any CPU
		{2DF5CA7E-FDC3-44E2-90AE-F82578C3586E}.Release|Any CPU.ActiveCfg = Release|Any CPU
		{2DF5CA7E-FDC3-44E2-90AE-F82578C3586E}.Release|Any CPU.Build.0 = Release|Any CPU
	EndGlobalSection
	GlobalSection(SolutionProperties) = preSolution
		HideSolutionNode = FALSE
	EndGlobalSection
	GlobalSection(ExtensibilityGlobals) = postSolution
		SolutionGuid = {1A656D3A-5C88-48F5-8952-A181826D1636}
	EndGlobalSection
EndGlobal
